
Microsoft Visual Studio Solution File, Format Version 10.00
# Visual Studio 2008
Project("{FAE04EC0-301F-11D3-BF4B-00C04F79EFBC}") = "PockeTwit", "PockeTwit\PockeTwit.csproj", "{293BAAE4-E497-44C9-8EAD-81DD4064C588}"
EndProject
Project("{B900F1C2-3D47-4FEC-85B3-04AAF18C3634}") = "PockeTwit Install", "PockeTwit Install\PockeTwit Install.vddproj", "{AA23BD6F-BF35-4DAA-836A-7F0438009624}"
EndProject
Project("{B900F1C2-3D47-4FEC-85B3-04AAF18C3634}") = "PockeTwit Dev Install", "PockeTwit Dev Install\PockeTwit Dev Install.vddproj", "{F8B2BB83-033B-4A6B-9A26-80F322F2773F}"
EndProject
Project("{FAE04EC0-301F-11D3-BF4B-00C04F79EFBC}") = "QuickPost", "QuickPost\QuickPost.csproj", "{ABC03AF6-BE80-4F13-914E-0CA6BFF4D391}"
EndProject
Project("{8BC9CEB8-8B4A-11D0-8D11-00A0C91BC942}") = "AutoRunInstall", "AutoRunInstall\AutoRunInstall.vcproj", "{5609CDB4-0327-4AF3-AF28-D8642F9F9547}"
EndProject
Project("{8BC9CEB8-8B4A-11D0-8D11-00A0C91BC942}") = "PockeTwitTodayPlugin", "PockeTwitTodayPlugin\PockeTwitTodayPlugin.vcproj", "{A6E955EF-9445-4B1D-92C4-1BE485765798}"
EndProject
Global
	GlobalSection(SolutionConfigurationPlatforms) = preSolution
		Debug|Any CPU = Debug|Any CPU
		Debug|Mixed Platforms = Debug|Mixed Platforms
		Debug|Pocket PC 2003 (ARMV4) = Debug|Pocket PC 2003 (ARMV4)
		Debug|Windows Mobile 5.0 Pocket PC SDK (ARMV4I) = Debug|Windows Mobile 5.0 Pocket PC SDK (ARMV4I)
		Debug|Windows Mobile 5.0 Smartphone SDK (ARMV4I) = Debug|Windows Mobile 5.0 Smartphone SDK (ARMV4I)
		Debug|Windows Mobile 6 Professional SDK (ARMV4I) = Debug|Windows Mobile 6 Professional SDK (ARMV4I)
		Debug|Windows Mobile 6 Standard SDK (ARMV4I) = Debug|Windows Mobile 6 Standard SDK (ARMV4I)
		DevBuild|Any CPU = DevBuild|Any CPU
		DevBuild|Mixed Platforms = DevBuild|Mixed Platforms
		DevBuild|Pocket PC 2003 (ARMV4) = DevBuild|Pocket PC 2003 (ARMV4)
		DevBuild|Windows Mobile 5.0 Pocket PC SDK (ARMV4I) = DevBuild|Windows Mobile 5.0 Pocket PC SDK (ARMV4I)
		DevBuild|Windows Mobile 5.0 Smartphone SDK (ARMV4I) = DevBuild|Windows Mobile 5.0 Smartphone SDK (ARMV4I)
		DevBuild|Windows Mobile 6 Professional SDK (ARMV4I) = DevBuild|Windows Mobile 6 Professional SDK (ARMV4I)
		DevBuild|Windows Mobile 6 Standard SDK (ARMV4I) = DevBuild|Windows Mobile 6 Standard SDK (ARMV4I)
		Release|Any CPU = Release|Any CPU
		Release|Mixed Platforms = Release|Mixed Platforms
		Release|Pocket PC 2003 (ARMV4) = Release|Pocket PC 2003 (ARMV4)
		Release|Windows Mobile 5.0 Pocket PC SDK (ARMV4I) = Release|Windows Mobile 5.0 Pocket PC SDK (ARMV4I)
		Release|Windows Mobile 5.0 Smartphone SDK (ARMV4I) = Release|Windows Mobile 5.0 Smartphone SDK (ARMV4I)
		Release|Windows Mobile 6 Professional SDK (ARMV4I) = Release|Windows Mobile 6 Professional SDK (ARMV4I)
		Release|Windows Mobile 6 Standard SDK (ARMV4I) = Release|Windows Mobile 6 Standard SDK (ARMV4I)
	EndGlobalSection
	GlobalSection(ProjectConfigurationPlatforms) = postSolution
		{293BAAE4-E497-44C9-8EAD-81DD4064C588}.Debug|Any CPU.ActiveCfg = Debug|Any CPU
		{293BAAE4-E497-44C9-8EAD-81DD4064C588}.Debug|Any CPU.Build.0 = Debug|Any CPU
		{293BAAE4-E497-44C9-8EAD-81DD4064C588}.Debug|Any CPU.Deploy.0 = Debug|Any CPU
		{293BAAE4-E497-44C9-8EAD-81DD4064C588}.Debug|Mixed Platforms.ActiveCfg = Debug|Any CPU
		{293BAAE4-E497-44C9-8EAD-81DD4064C588}.Debug|Mixed Platforms.Build.0 = Debug|Any CPU
		{293BAAE4-E497-44C9-8EAD-81DD4064C588}.Debug|Mixed Platforms.Deploy.0 = Debug|Any CPU
		{293BAAE4-E497-44C9-8EAD-81DD4064C588}.Debug|Pocket PC 2003 (ARMV4).ActiveCfg = Debug|Any CPU
		{293BAAE4-E497-44C9-8EAD-81DD4064C588}.Debug|Windows Mobile 5.0 Pocket PC SDK (ARMV4I).ActiveCfg = Debug|Any CPU
		{293BAAE4-E497-44C9-8EAD-81DD4064C588}.Debug|Windows Mobile 5.0 Smartphone SDK (ARMV4I).ActiveCfg = Debug|Any CPU
		{293BAAE4-E497-44C9-8EAD-81DD4064C588}.Debug|Windows Mobile 6 Professional SDK (ARMV4I).ActiveCfg = Debug|Any CPU
		{293BAAE4-E497-44C9-8EAD-81DD4064C588}.Debug|Windows Mobile 6 Standard SDK (ARMV4I).ActiveCfg = Debug|Any CPU
		{293BAAE4-E497-44C9-8EAD-81DD4064C588}.DevBuild|Any CPU.ActiveCfg = DevBuild|Any CPU
		{293BAAE4-E497-44C9-8EAD-81DD4064C588}.DevBuild|Any CPU.Build.0 = DevBuild|Any CPU
		{293BAAE4-E497-44C9-8EAD-81DD4064C588}.DevBuild|Any CPU.Deploy.0 = DevBuild|Any CPU
		{293BAAE4-E497-44C9-8EAD-81DD4064C588}.DevBuild|Mixed Platforms.ActiveCfg = DevBuild|Any CPU
		{293BAAE4-E497-44C9-8EAD-81DD4064C588}.DevBuild|Mixed Platforms.Build.0 = DevBuild|Any CPU
		{293BAAE4-E497-44C9-8EAD-81DD4064C588}.DevBuild|Mixed Platforms.Deploy.0 = DevBuild|Any CPU
		{293BAAE4-E497-44C9-8EAD-81DD4064C588}.DevBuild|Pocket PC 2003 (ARMV4).ActiveCfg = DevBuild|Any CPU
		{293BAAE4-E497-44C9-8EAD-81DD4064C588}.DevBuild|Windows Mobile 5.0 Pocket PC SDK (ARMV4I).ActiveCfg = DevBuild|Any CPU
		{293BAAE4-E497-44C9-8EAD-81DD4064C588}.DevBuild|Windows Mobile 5.0 Smartphone SDK (ARMV4I).ActiveCfg = DevBuild|Any CPU
		{293BAAE4-E497-44C9-8EAD-81DD4064C588}.DevBuild|Windows Mobile 6 Professional SDK (ARMV4I).ActiveCfg = DevBuild|Any CPU
		{293BAAE4-E497-44C9-8EAD-81DD4064C588}.DevBuild|Windows Mobile 6 Standard SDK (ARMV4I).ActiveCfg = DevBuild|Any CPU
		{293BAAE4-E497-44C9-8EAD-81DD4064C588}.Release|Any CPU.ActiveCfg = Release|Any CPU
		{293BAAE4-E497-44C9-8EAD-81DD4064C588}.Release|Any CPU.Build.0 = Release|Any CPU
		{293BAAE4-E497-44C9-8EAD-81DD4064C588}.Release|Any CPU.Deploy.0 = Release|Any CPU
		{293BAAE4-E497-44C9-8EAD-81DD4064C588}.Release|Mixed Platforms.ActiveCfg = Release|Any CPU
		{293BAAE4-E497-44C9-8EAD-81DD4064C588}.Release|Mixed Platforms.Build.0 = Release|Any CPU
		{293BAAE4-E497-44C9-8EAD-81DD4064C588}.Release|Mixed Platforms.Deploy.0 = Release|Any CPU
		{293BAAE4-E497-44C9-8EAD-81DD4064C588}.Release|Pocket PC 2003 (ARMV4).ActiveCfg = Release|Any CPU
		{293BAAE4-E497-44C9-8EAD-81DD4064C588}.Release|Windows Mobile 5.0 Pocket PC SDK (ARMV4I).ActiveCfg = Release|Any CPU
		{293BAAE4-E497-44C9-8EAD-81DD4064C588}.Release|Windows Mobile 5.0 Smartphone SDK (ARMV4I).ActiveCfg = Release|Any CPU
		{293BAAE4-E497-44C9-8EAD-81DD4064C588}.Release|Windows Mobile 6 Professional SDK (ARMV4I).ActiveCfg = Release|Any CPU
		{293BAAE4-E497-44C9-8EAD-81DD4064C588}.Release|Windows Mobile 6 Standard SDK (ARMV4I).ActiveCfg = Release|Any CPU
		{AA23BD6F-BF35-4DAA-836A-7F0438009624}.Debug|Any CPU.ActiveCfg = Debug
		{AA23BD6F-BF35-4DAA-836A-7F0438009624}.Debug|Mixed Platforms.ActiveCfg = Debug
		{AA23BD6F-BF35-4DAA-836A-7F0438009624}.Debug|Mixed Platforms.Build.0 = Debug
		{AA23BD6F-BF35-4DAA-836A-7F0438009624}.Debug|Pocket PC 2003 (ARMV4).ActiveCfg = Debug
		{AA23BD6F-BF35-4DAA-836A-7F0438009624}.Debug|Pocket PC 2003 (ARMV4).Build.0 = Debug
		{AA23BD6F-BF35-4DAA-836A-7F0438009624}.Debug|Windows Mobile 5.0 Pocket PC SDK (ARMV4I).ActiveCfg = Debug
		{AA23BD6F-BF35-4DAA-836A-7F0438009624}.Debug|Windows Mobile 5.0 Pocket PC SDK (ARMV4I).Build.0 = Debug
		{AA23BD6F-BF35-4DAA-836A-7F0438009624}.Debug|Windows Mobile 5.0 Smartphone SDK (ARMV4I).ActiveCfg = Debug
		{AA23BD6F-BF35-4DAA-836A-7F0438009624}.Debug|Windows Mobile 5.0 Smartphone SDK (ARMV4I).Build.0 = Debug
		{AA23BD6F-BF35-4DAA-836A-7F0438009624}.Debug|Windows Mobile 6 Professional SDK (ARMV4I).ActiveCfg = Debug
		{AA23BD6F-BF35-4DAA-836A-7F0438009624}.Debug|Windows Mobile 6 Professional SDK (ARMV4I).Build.0 = Debug
		{AA23BD6F-BF35-4DAA-836A-7F0438009624}.Debug|Windows Mobile 6 Standard SDK (ARMV4I).ActiveCfg = Debug
		{AA23BD6F-BF35-4DAA-836A-7F0438009624}.Debug|Windows Mobile 6 Standard SDK (ARMV4I).Build.0 = Debug
		{AA23BD6F-BF35-4DAA-836A-7F0438009624}.DevBuild|Any CPU.ActiveCfg = DevBuild
		{AA23BD6F-BF35-4DAA-836A-7F0438009624}.DevBuild|Mixed Platforms.ActiveCfg = DevBuild
		{AA23BD6F-BF35-4DAA-836A-7F0438009624}.DevBuild|Mixed Platforms.Build.0 = DevBuild
		{AA23BD6F-BF35-4DAA-836A-7F0438009624}.DevBuild|Pocket PC 2003 (ARMV4).ActiveCfg = DevBuild
		{AA23BD6F-BF35-4DAA-836A-7F0438009624}.DevBuild|Pocket PC 2003 (ARMV4).Build.0 = DevBuild
		{AA23BD6F-BF35-4DAA-836A-7F0438009624}.DevBuild|Windows Mobile 5.0 Pocket PC SDK (ARMV4I).ActiveCfg = DevBuild
		{AA23BD6F-BF35-4DAA-836A-7F0438009624}.DevBuild|Windows Mobile 5.0 Pocket PC SDK (ARMV4I).Build.0 = DevBuild
		{AA23BD6F-BF35-4DAA-836A-7F0438009624}.DevBuild|Windows Mobile 5.0 Smartphone SDK (ARMV4I).ActiveCfg = DevBuild
		{AA23BD6F-BF35-4DAA-836A-7F0438009624}.DevBuild|Windows Mobile 5.0 Smartphone SDK (ARMV4I).Build.0 = DevBuild
		{AA23BD6F-BF35-4DAA-836A-7F0438009624}.DevBuild|Windows Mobile 6 Professional SDK (ARMV4I).ActiveCfg = DevBuild
		{AA23BD6F-BF35-4DAA-836A-7F0438009624}.DevBuild|Windows Mobile 6 Professional SDK (ARMV4I).Build.0 = DevBuild
		{AA23BD6F-BF35-4DAA-836A-7F0438009624}.DevBuild|Windows Mobile 6 Standard SDK (ARMV4I).ActiveCfg = DevBuild
		{AA23BD6F-BF35-4DAA-836A-7F0438009624}.DevBuild|Windows Mobile 6 Standard SDK (ARMV4I).Build.0 = DevBuild
		{AA23BD6F-BF35-4DAA-836A-7F0438009624}.Release|Any CPU.ActiveCfg = Release
		{AA23BD6F-BF35-4DAA-836A-7F0438009624}.Release|Any CPU.Build.0 = Release
		{AA23BD6F-BF35-4DAA-836A-7F0438009624}.Release|Mixed Platforms.ActiveCfg = Release
		{AA23BD6F-BF35-4DAA-836A-7F0438009624}.Release|Mixed Platforms.Build.0 = Release
		{AA23BD6F-BF35-4DAA-836A-7F0438009624}.Release|Pocket PC 2003 (ARMV4).ActiveCfg = Release
		{AA23BD6F-BF35-4DAA-836A-7F0438009624}.Release|Pocket PC 2003 (ARMV4).Build.0 = Release
		{AA23BD6F-BF35-4DAA-836A-7F0438009624}.Release|Windows Mobile 5.0 Pocket PC SDK (ARMV4I).ActiveCfg = Release
		{AA23BD6F-BF35-4DAA-836A-7F0438009624}.Release|Windows Mobile 5.0 Pocket PC SDK (ARMV4I).Build.0 = Release
		{AA23BD6F-BF35-4DAA-836A-7F0438009624}.Release|Windows Mobile 5.0 Smartphone SDK (ARMV4I).ActiveCfg = Release
		{AA23BD6F-BF35-4DAA-836A-7F0438009624}.Release|Windows Mobile 5.0 Smartphone SDK (ARMV4I).Build.0 = Release
		{AA23BD6F-BF35-4DAA-836A-7F0438009624}.Release|Windows Mobile 6 Professional SDK (ARMV4I).ActiveCfg = Release
		{AA23BD6F-BF35-4DAA-836A-7F0438009624}.Release|Windows Mobile 6 Professional SDK (ARMV4I).Build.0 = Release
		{AA23BD6F-BF35-4DAA-836A-7F0438009624}.Release|Windows Mobile 6 Standard SDK (ARMV4I).ActiveCfg = Release
		{AA23BD6F-BF35-4DAA-836A-7F0438009624}.Release|Windows Mobile 6 Standard SDK (ARMV4I).Build.0 = Release
		{F8B2BB83-033B-4A6B-9A26-80F322F2773F}.Debug|Any CPU.ActiveCfg = Debug
		{F8B2BB83-033B-4A6B-9A26-80F322F2773F}.Debug|Any CPU.Build.0 = Debug
		{F8B2BB83-033B-4A6B-9A26-80F322F2773F}.Debug|Mixed Platforms.ActiveCfg = Debug
		{F8B2BB83-033B-4A6B-9A26-80F322F2773F}.Debug|Mixed Platforms.Build.0 = Debug
		{F8B2BB83-033B-4A6B-9A26-80F322F2773F}.Debug|Pocket PC 2003 (ARMV4).ActiveCfg = Debug
		{F8B2BB83-033B-4A6B-9A26-80F322F2773F}.Debug|Pocket PC 2003 (ARMV4).Build.0 = Debug
		{F8B2BB83-033B-4A6B-9A26-80F322F2773F}.Debug|Windows Mobile 5.0 Pocket PC SDK (ARMV4I).ActiveCfg = Debug
		{F8B2BB83-033B-4A6B-9A26-80F322F2773F}.Debug|Windows Mobile 5.0 Pocket PC SDK (ARMV4I).Build.0 = Debug
		{F8B2BB83-033B-4A6B-9A26-80F322F2773F}.Debug|Windows Mobile 5.0 Smartphone SDK (ARMV4I).ActiveCfg = Debug
		{F8B2BB83-033B-4A6B-9A26-80F322F2773F}.Debug|Windows Mobile 5.0 Smartphone SDK (ARMV4I).Build.0 = Debug
		{F8B2BB83-033B-4A6B-9A26-80F322F2773F}.Debug|Windows Mobile 6 Professional SDK (ARMV4I).ActiveCfg = Debug
		{F8B2BB83-033B-4A6B-9A26-80F322F2773F}.Debug|Windows Mobile 6 Professional SDK (ARMV4I).Build.0 = Debug
		{F8B2BB83-033B-4A6B-9A26-80F322F2773F}.Debug|Windows Mobile 6 Standard SDK (ARMV4I).ActiveCfg = Debug
		{F8B2BB83-033B-4A6B-9A26-80F322F2773F}.Debug|Windows Mobile 6 Standard SDK (ARMV4I).Build.0 = Debug
		{F8B2BB83-033B-4A6B-9A26-80F322F2773F}.DevBuild|Any CPU.ActiveCfg = DevBuild
		{F8B2BB83-033B-4A6B-9A26-80F322F2773F}.DevBuild|Any CPU.Build.0 = DevBuild
		{F8B2BB83-033B-4A6B-9A26-80F322F2773F}.DevBuild|Mixed Platforms.ActiveCfg = DevBuild
		{F8B2BB83-033B-4A6B-9A26-80F322F2773F}.DevBuild|Mixed Platforms.Build.0 = DevBuild
		{F8B2BB83-033B-4A6B-9A26-80F322F2773F}.DevBuild|Pocket PC 2003 (ARMV4).ActiveCfg = DevBuild
		{F8B2BB83-033B-4A6B-9A26-80F322F2773F}.DevBuild|Pocket PC 2003 (ARMV4).Build.0 = DevBuild
		{F8B2BB83-033B-4A6B-9A26-80F322F2773F}.DevBuild|Windows Mobile 5.0 Pocket PC SDK (ARMV4I).ActiveCfg = DevBuild
		{F8B2BB83-033B-4A6B-9A26-80F322F2773F}.DevBuild|Windows Mobile 5.0 Pocket PC SDK (ARMV4I).Build.0 = DevBuild
		{F8B2BB83-033B-4A6B-9A26-80F322F2773F}.DevBuild|Windows Mobile 5.0 Smartphone SDK (ARMV4I).ActiveCfg = DevBuild
		{F8B2BB83-033B-4A6B-9A26-80F322F2773F}.DevBuild|Windows Mobile 5.0 Smartphone SDK (ARMV4I).Build.0 = DevBuild
		{F8B2BB83-033B-4A6B-9A26-80F322F2773F}.DevBuild|Windows Mobile 6 Professional SDK (ARMV4I).ActiveCfg = DevBuild
		{F8B2BB83-033B-4A6B-9A26-80F322F2773F}.DevBuild|Windows Mobile 6 Professional SDK (ARMV4I).Build.0 = DevBuild
		{F8B2BB83-033B-4A6B-9A26-80F322F2773F}.DevBuild|Windows Mobile 6 Standard SDK (ARMV4I).ActiveCfg = DevBuild
		{F8B2BB83-033B-4A6B-9A26-80F322F2773F}.DevBuild|Windows Mobile 6 Standard SDK (ARMV4I).Build.0 = DevBuild
		{F8B2BB83-033B-4A6B-9A26-80F322F2773F}.Release|Any CPU.ActiveCfg = Release
		{F8B2BB83-033B-4A6B-9A26-80F322F2773F}.Release|Mixed Platforms.ActiveCfg = Release
		{F8B2BB83-033B-4A6B-9A26-80F322F2773F}.Release|Mixed Platforms.Build.0 = Release
		{F8B2BB83-033B-4A6B-9A26-80F322F2773F}.Release|Pocket PC 2003 (ARMV4).ActiveCfg = Release
		{F8B2BB83-033B-4A6B-9A26-80F322F2773F}.Release|Pocket PC 2003 (ARMV4).Build.0 = Release
		{F8B2BB83-033B-4A6B-9A26-80F322F2773F}.Release|Windows Mobile 5.0 Pocket PC SDK (ARMV4I).ActiveCfg = Release
		{F8B2BB83-033B-4A6B-9A26-80F322F2773F}.Release|Windows Mobile 5.0 Pocket PC SDK (ARMV4I).Build.0 = Release
		{F8B2BB83-033B-4A6B-9A26-80F322F2773F}.Release|Windows Mobile 5.0 Smartphone SDK (ARMV4I).ActiveCfg = Release
		{F8B2BB83-033B-4A6B-9A26-80F322F2773F}.Release|Windows Mobile 5.0 Smartphone SDK (ARMV4I).Build.0 = Release
		{F8B2BB83-033B-4A6B-9A26-80F322F2773F}.Release|Windows Mobile 6 Professional SDK (ARMV4I).ActiveCfg = Release
		{F8B2BB83-033B-4A6B-9A26-80F322F2773F}.Release|Windows Mobile 6 Professional SDK (ARMV4I).Build.0 = Release
		{F8B2BB83-033B-4A6B-9A26-80F322F2773F}.Release|Windows Mobile 6 Standard SDK (ARMV4I).ActiveCfg = Release
		{F8B2BB83-033B-4A6B-9A26-80F322F2773F}.Release|Windows Mobile 6 Standard SDK (ARMV4I).Build.0 = Release
		{ABC03AF6-BE80-4F13-914E-0CA6BFF4D391}.Debug|Any CPU.ActiveCfg = Debug|Any CPU
		{ABC03AF6-BE80-4F13-914E-0CA6BFF4D391}.Debug|Any CPU.Build.0 = Debug|Any CPU
		{ABC03AF6-BE80-4F13-914E-0CA6BFF4D391}.Debug|Any CPU.Deploy.0 = Debug|Any CPU
		{ABC03AF6-BE80-4F13-914E-0CA6BFF4D391}.Debug|Mixed Platforms.ActiveCfg = Debug|Any CPU
		{ABC03AF6-BE80-4F13-914E-0CA6BFF4D391}.Debug|Mixed Platforms.Build.0 = Debug|Any CPU
		{ABC03AF6-BE80-4F13-914E-0CA6BFF4D391}.Debug|Mixed Platforms.Deploy.0 = Debug|Any CPU
		{ABC03AF6-BE80-4F13-914E-0CA6BFF4D391}.Debug|Pocket PC 2003 (ARMV4).ActiveCfg = Debug|Any CPU
		{ABC03AF6-BE80-4F13-914E-0CA6BFF4D391}.Debug|Windows Mobile 5.0 Pocket PC SDK (ARMV4I).ActiveCfg = Debug|Any CPU
		{ABC03AF6-BE80-4F13-914E-0CA6BFF4D391}.Debug|Windows Mobile 5.0 Smartphone SDK (ARMV4I).ActiveCfg = Debug|Any CPU
		{ABC03AF6-BE80-4F13-914E-0CA6BFF4D391}.Debug|Windows Mobile 6 Professional SDK (ARMV4I).ActiveCfg = Debug|Any CPU
		{ABC03AF6-BE80-4F13-914E-0CA6BFF4D391}.Debug|Windows Mobile 6 Standard SDK (ARMV4I).ActiveCfg = Debug|Any CPU
		{ABC03AF6-BE80-4F13-914E-0CA6BFF4D391}.DevBuild|Any CPU.ActiveCfg = DevBuild|Any CPU
		{ABC03AF6-BE80-4F13-914E-0CA6BFF4D391}.DevBuild|Any CPU.Build.0 = DevBuild|Any CPU
		{ABC03AF6-BE80-4F13-914E-0CA6BFF4D391}.DevBuild|Any CPU.Deploy.0 = DevBuild|Any CPU
		{ABC03AF6-BE80-4F13-914E-0CA6BFF4D391}.DevBuild|Mixed Platforms.ActiveCfg = DevBuild|Any CPU
		{ABC03AF6-BE80-4F13-914E-0CA6BFF4D391}.DevBuild|Mixed Platforms.Build.0 = DevBuild|Any CPU
		{ABC03AF6-BE80-4F13-914E-0CA6BFF4D391}.DevBuild|Mixed Platforms.Deploy.0 = DevBuild|Any CPU
		{ABC03AF6-BE80-4F13-914E-0CA6BFF4D391}.DevBuild|Pocket PC 2003 (ARMV4).ActiveCfg = Debug|Any CPU
		{ABC03AF6-BE80-4F13-914E-0CA6BFF4D391}.DevBuild|Windows Mobile 5.0 Pocket PC SDK (ARMV4I).ActiveCfg = Debug|Any CPU
		{ABC03AF6-BE80-4F13-914E-0CA6BFF4D391}.DevBuild|Windows Mobile 5.0 Smartphone SDK (ARMV4I).ActiveCfg = Debug|Any CPU
		{ABC03AF6-BE80-4F13-914E-0CA6BFF4D391}.DevBuild|Windows Mobile 6 Professional SDK (ARMV4I).ActiveCfg = Debug|Any CPU
		{ABC03AF6-BE80-4F13-914E-0CA6BFF4D391}.DevBuild|Windows Mobile 6 Standard SDK (ARMV4I).ActiveCfg = Debug|Any CPU
		{ABC03AF6-BE80-4F13-914E-0CA6BFF4D391}.Release|Any CPU.ActiveCfg = Release|Any CPU
		{ABC03AF6-BE80-4F13-914E-0CA6BFF4D391}.Release|Any CPU.Build.0 = Release|Any CPU
		{ABC03AF6-BE80-4F13-914E-0CA6BFF4D391}.Release|Any CPU.Deploy.0 = Release|Any CPU
		{ABC03AF6-BE80-4F13-914E-0CA6BFF4D391}.Release|Mixed Platforms.ActiveCfg = Release|Any CPU
		{ABC03AF6-BE80-4F13-914E-0CA6BFF4D391}.Release|Mixed Platforms.Build.0 = Release|Any CPU
		{ABC03AF6-BE80-4F13-914E-0CA6BFF4D391}.Release|Mixed Platforms.Deploy.0 = Release|Any CPU
		{ABC03AF6-BE80-4F13-914E-0CA6BFF4D391}.Release|Pocket PC 2003 (ARMV4).ActiveCfg = Release|Any CPU
		{ABC03AF6-BE80-4F13-914E-0CA6BFF4D391}.Release|Windows Mobile 5.0 Pocket PC SDK (ARMV4I).ActiveCfg = Release|Any CPU
		{ABC03AF6-BE80-4F13-914E-0CA6BFF4D391}.Release|Windows Mobile 5.0 Smartphone SDK (ARMV4I).ActiveCfg = Release|Any CPU
		{ABC03AF6-BE80-4F13-914E-0CA6BFF4D391}.Release|Windows Mobile 6 Professional SDK (ARMV4I).ActiveCfg = Release|Any CPU
		{ABC03AF6-BE80-4F13-914E-0CA6BFF4D391}.Release|Windows Mobile 6 Standard SDK (ARMV4I).ActiveCfg = Release|Any CPU
		{5609CDB4-0327-4AF3-AF28-D8642F9F9547}.Debug|Any CPU.ActiveCfg = Debug|Pocket PC 2003 (ARMV4)
		{5609CDB4-0327-4AF3-AF28-D8642F9F9547}.Debug|Any CPU.Build.0 = Debug|Pocket PC 2003 (ARMV4)
		{5609CDB4-0327-4AF3-AF28-D8642F9F9547}.Debug|Mixed Platforms.ActiveCfg = Debug|Pocket PC 2003 (ARMV4)
		{5609CDB4-0327-4AF3-AF28-D8642F9F9547}.Debug|Mixed Platforms.Build.0 = Debug|Pocket PC 2003 (ARMV4)
		{5609CDB4-0327-4AF3-AF28-D8642F9F9547}.Debug|Mixed Platforms.Deploy.0 = Debug|Pocket PC 2003 (ARMV4)
		{5609CDB4-0327-4AF3-AF28-D8642F9F9547}.Debug|Pocket PC 2003 (ARMV4).ActiveCfg = Debug|Pocket PC 2003 (ARMV4)
		{5609CDB4-0327-4AF3-AF28-D8642F9F9547}.Debug|Pocket PC 2003 (ARMV4).Build.0 = Debug|Pocket PC 2003 (ARMV4)
		{5609CDB4-0327-4AF3-AF28-D8642F9F9547}.Debug|Pocket PC 2003 (ARMV4).Deploy.0 = Debug|Pocket PC 2003 (ARMV4)
		{5609CDB4-0327-4AF3-AF28-D8642F9F9547}.Debug|Windows Mobile 5.0 Pocket PC SDK (ARMV4I).ActiveCfg = Debug|Pocket PC 2003 (ARMV4)
		{5609CDB4-0327-4AF3-AF28-D8642F9F9547}.Debug|Windows Mobile 5.0 Smartphone SDK (ARMV4I).ActiveCfg = Debug|Pocket PC 2003 (ARMV4)
		{5609CDB4-0327-4AF3-AF28-D8642F9F9547}.Debug|Windows Mobile 6 Professional SDK (ARMV4I).ActiveCfg = Debug|Pocket PC 2003 (ARMV4)
		{5609CDB4-0327-4AF3-AF28-D8642F9F9547}.Debug|Windows Mobile 6 Standard SDK (ARMV4I).ActiveCfg = Debug|Pocket PC 2003 (ARMV4)
		{5609CDB4-0327-4AF3-AF28-D8642F9F9547}.DevBuild|Any CPU.ActiveCfg = Debug|Pocket PC 2003 (ARMV4)
		{5609CDB4-0327-4AF3-AF28-D8642F9F9547}.DevBuild|Any CPU.Build.0 = Debug|Pocket PC 2003 (ARMV4)
		{5609CDB4-0327-4AF3-AF28-D8642F9F9547}.DevBuild|Mixed Platforms.ActiveCfg = Debug|Pocket PC 2003 (ARMV4)
		{5609CDB4-0327-4AF3-AF28-D8642F9F9547}.DevBuild|Mixed Platforms.Build.0 = Debug|Pocket PC 2003 (ARMV4)
		{5609CDB4-0327-4AF3-AF28-D8642F9F9547}.DevBuild|Mixed Platforms.Deploy.0 = Debug|Pocket PC 2003 (ARMV4)
		{5609CDB4-0327-4AF3-AF28-D8642F9F9547}.DevBuild|Pocket PC 2003 (ARMV4).ActiveCfg = Debug|Pocket PC 2003 (ARMV4)
		{5609CDB4-0327-4AF3-AF28-D8642F9F9547}.DevBuild|Pocket PC 2003 (ARMV4).Build.0 = Debug|Pocket PC 2003 (ARMV4)
		{5609CDB4-0327-4AF3-AF28-D8642F9F9547}.DevBuild|Pocket PC 2003 (ARMV4).Deploy.0 = Debug|Pocket PC 2003 (ARMV4)
		{5609CDB4-0327-4AF3-AF28-D8642F9F9547}.DevBuild|Windows Mobile 5.0 Pocket PC SDK (ARMV4I).ActiveCfg = Debug|Pocket PC 2003 (ARMV4)
		{5609CDB4-0327-4AF3-AF28-D8642F9F9547}.DevBuild|Windows Mobile 5.0 Smartphone SDK (ARMV4I).ActiveCfg = Debug|Pocket PC 2003 (ARMV4)
		{5609CDB4-0327-4AF3-AF28-D8642F9F9547}.DevBuild|Windows Mobile 6 Professional SDK (ARMV4I).ActiveCfg = Debug|Pocket PC 2003 (ARMV4)
		{5609CDB4-0327-4AF3-AF28-D8642F9F9547}.DevBuild|Windows Mobile 6 Standard SDK (ARMV4I).ActiveCfg = Debug|Pocket PC 2003 (ARMV4)
		{5609CDB4-0327-4AF3-AF28-D8642F9F9547}.Release|Any CPU.ActiveCfg = Release|Pocket PC 2003 (ARMV4)
		{5609CDB4-0327-4AF3-AF28-D8642F9F9547}.Release|Any CPU.Build.0 = Release|Pocket PC 2003 (ARMV4)
		{5609CDB4-0327-4AF3-AF28-D8642F9F9547}.Release|Mixed Platforms.ActiveCfg = Release|Pocket PC 2003 (ARMV4)
		{5609CDB4-0327-4AF3-AF28-D8642F9F9547}.Release|Mixed Platforms.Build.0 = Release|Pocket PC 2003 (ARMV4)
		{5609CDB4-0327-4AF3-AF28-D8642F9F9547}.Release|Mixed Platforms.Deploy.0 = Release|Pocket PC 2003 (ARMV4)
		{5609CDB4-0327-4AF3-AF28-D8642F9F9547}.Release|Pocket PC 2003 (ARMV4).ActiveCfg = Release|Pocket PC 2003 (ARMV4)
		{5609CDB4-0327-4AF3-AF28-D8642F9F9547}.Release|Pocket PC 2003 (ARMV4).Build.0 = Release|Pocket PC 2003 (ARMV4)
		{5609CDB4-0327-4AF3-AF28-D8642F9F9547}.Release|Pocket PC 2003 (ARMV4).Deploy.0 = Release|Pocket PC 2003 (ARMV4)
		{5609CDB4-0327-4AF3-AF28-D8642F9F9547}.Release|Windows Mobile 5.0 Pocket PC SDK (ARMV4I).ActiveCfg = Release|Pocket PC 2003 (ARMV4)
		{5609CDB4-0327-4AF3-AF28-D8642F9F9547}.Release|Windows Mobile 5.0 Smartphone SDK (ARMV4I).ActiveCfg = Release|Pocket PC 2003 (ARMV4)
		{5609CDB4-0327-4AF3-AF28-D8642F9F9547}.Release|Windows Mobile 6 Professional SDK (ARMV4I).ActiveCfg = Release|Pocket PC 2003 (ARMV4)
		{5609CDB4-0327-4AF3-AF28-D8642F9F9547}.Release|Windows Mobile 6 Standard SDK (ARMV4I).ActiveCfg = Release|Pocket PC 2003 (ARMV4)
		{A6E955EF-9445-4B1D-92C4-1BE485765798}.Debug|Any CPU.ActiveCfg = Debug|Windows Mobile 6 Professional SDK (ARMV4I)
		{A6E955EF-9445-4B1D-92C4-1BE485765798}.Debug|Any CPU.Build.0 = Debug|Windows Mobile 6 Professional SDK (ARMV4I)
		{A6E955EF-9445-4B1D-92C4-1BE485765798}.Debug|Mixed Platforms.ActiveCfg = Debug|Windows Mobile 6 Professional SDK (ARMV4I)
		{A6E955EF-9445-4B1D-92C4-1BE485765798}.Debug|Mixed Platforms.Build.0 = Debug|Windows Mobile 6 Professional SDK (ARMV4I)
		{A6E955EF-9445-4B1D-92C4-1BE485765798}.Debug|Mixed Platforms.Deploy.0 = Debug|Windows Mobile 6 Professional SDK (ARMV4I)
		{A6E955EF-9445-4B1D-92C4-1BE485765798}.Debug|Pocket PC 2003 (ARMV4).ActiveCfg = Debug|Windows Mobile 6 Professional SDK (ARMV4I)
		{A6E955EF-9445-4B1D-92C4-1BE485765798}.Debug|Windows Mobile 5.0 Pocket PC SDK (ARMV4I).ActiveCfg = Debug|Windows Mobile 6 Professional SDK (ARMV4I)
		{A6E955EF-9445-4B1D-92C4-1BE485765798}.Debug|Windows Mobile 5.0 Smartphone SDK (ARMV4I).ActiveCfg = Debug|Windows Mobile 6 Professional SDK (ARMV4I)
		{A6E955EF-9445-4B1D-92C4-1BE485765798}.Debug|Windows Mobile 6 Professional SDK (ARMV4I).ActiveCfg = Debug|Windows Mobile 6 Professional SDK (ARMV4I)
		{A6E955EF-9445-4B1D-92C4-1BE485765798}.Debug|Windows Mobile 6 Professional SDK (ARMV4I).Build.0 = Debug|Windows Mobile 6 Professional SDK (ARMV4I)
		{A6E955EF-9445-4B1D-92C4-1BE485765798}.Debug|Windows Mobile 6 Professional SDK (ARMV4I).Deploy.0 = Debug|Windows Mobile 6 Professional SDK (ARMV4I)
		{A6E955EF-9445-4B1D-92C4-1BE485765798}.Debug|Windows Mobile 6 Standard SDK (ARMV4I).ActiveCfg = Debug|Windows Mobile 6 Professional SDK (ARMV4I)
		{A6E955EF-9445-4B1D-92C4-1BE485765798}.DevBuild|Any CPU.ActiveCfg = Debug|Windows Mobile 6 Professional SDK (ARMV4I)
		{A6E955EF-9445-4B1D-92C4-1BE485765798}.DevBuild|Any CPU.Build.0 = Debug|Windows Mobile 6 Professional SDK (ARMV4I)
		{A6E955EF-9445-4B1D-92C4-1BE485765798}.DevBuild|Mixed Platforms.ActiveCfg = Debug|Windows Mobile 6 Professional SDK (ARMV4I)
		{A6E955EF-9445-4B1D-92C4-1BE485765798}.DevBuild|Mixed Platforms.Build.0 = Debug|Windows Mobile 6 Professional SDK (ARMV4I)
		{A6E955EF-9445-4B1D-92C4-1BE485765798}.DevBuild|Mixed Platforms.Deploy.0 = Debug|Windows Mobile 6 Professional SDK (ARMV4I)
		{A6E955EF-9445-4B1D-92C4-1BE485765798}.DevBuild|Pocket PC 2003 (ARMV4).ActiveCfg = Debug|Windows Mobile 6 Professional SDK (ARMV4I)
		{A6E955EF-9445-4B1D-92C4-1BE485765798}.DevBuild|Windows Mobile 5.0 Pocket PC SDK (ARMV4I).ActiveCfg = Debug|Windows Mobile 6 Professional SDK (ARMV4I)
		{A6E955EF-9445-4B1D-92C4-1BE485765798}.DevBuild|Windows Mobile 5.0 Smartphone SDK (ARMV4I).ActiveCfg = Debug|Windows Mobile 6 Professional SDK (ARMV4I)
		{A6E955EF-9445-4B1D-92C4-1BE485765798}.DevBuild|Windows Mobile 6 Professional SDK (ARMV4I).ActiveCfg = Debug|Windows Mobile 6 Professional SDK (ARMV4I)
		{A6E955EF-9445-4B1D-92C4-1BE485765798}.DevBuild|Windows Mobile 6 Professional SDK (ARMV4I).Build.0 = Debug|Windows Mobile 6 Professional SDK (ARMV4I)
		{A6E955EF-9445-4B1D-92C4-1BE485765798}.DevBuild|Windows Mobile 6 Professional SDK (ARMV4I).Deploy.0 = Debug|Windows Mobile 6 Professional SDK (ARMV4I)
		{A6E955EF-9445-4B1D-92C4-1BE485765798}.DevBuild|Windows Mobile 6 Standard SDK (ARMV4I).ActiveCfg = Debug|Windows Mobile 6 Professional SDK (ARMV4I)
		{A6E955EF-9445-4B1D-92C4-1BE485765798}.Release|Any CPU.ActiveCfg = Release|Windows Mobile 6 Professional SDK (ARMV4I)
		{A6E955EF-9445-4B1D-92C4-1BE485765798}.Release|Any CPU.Build.0 = Release|Windows Mobile 6 Professional SDK (ARMV4I)
		{A6E955EF-9445-4B1D-92C4-1BE485765798}.Release|Mixed Platforms.ActiveCfg = Release|Windows Mobile 6 Professional SDK (ARMV4I)
		{A6E955EF-9445-4B1D-92C4-1BE485765798}.Release|Mixed Platforms.Build.0 = Release|Windows Mobile 6 Professional SDK (ARMV4I)
		{A6E955EF-9445-4B1D-92C4-1BE485765798}.Release|Mixed Platforms.Deploy.0 = Release|Windows Mobile 6 Professional SDK (ARMV4I)
		{A6E955EF-9445-4B1D-92C4-1BE485765798}.Release|Pocket PC 2003 (ARMV4).ActiveCfg = Release|Windows Mobile 6 Professional SDK (ARMV4I)
		{A6E955EF-9445-4B1D-92C4-1BE485765798}.Release|Windows Mobile 5.0 Pocket PC SDK (ARMV4I).ActiveCfg = Release|Windows Mobile 6 Professional SDK (ARMV4I)
		{A6E955EF-9445-4B1D-92C4-1BE485765798}.Release|Windows Mobile 5.0 Smartphone SDK (ARMV4I).ActiveCfg = Release|Windows Mobile 6 Professional SDK (ARMV4I)
		{A6E955EF-9445-4B1D-92C4-1BE485765798}.Release|Windows Mobile 6 Professional SDK (ARMV4I).ActiveCfg = Release|Windows Mobile 6 Professional SDK (ARMV4I)
		{A6E955EF-9445-4B1D-92C4-1BE485765798}.Release|Windows Mobile 6 Professional SDK (ARMV4I).Build.0 = Release|Windows Mobile 6 Professional SDK (ARMV4I)
		{A6E955EF-9445-4B1D-92C4-1BE485765798}.Release|Windows Mobile 6 Professional SDK (ARMV4I).Deploy.0 = Release|Windows Mobile 6 Professional SDK (ARMV4I)
		{A6E955EF-9445-4B1D-92C4-1BE485765798}.Release|Windows Mobile 6 Standard SDK (ARMV4I).ActiveCfg = Release|Windows Mobile 6 Professional SDK (ARMV4I)
	EndGlobalSection
	GlobalSection(SolutionProperties) = preSolution
		HideSolutionNode = FALSE
	EndGlobalSection
EndGlobal
